
Microsoft Visual Studio Solution File, Format Version 12.00
# Visual Studio 15
VisualStudioVersion = 15.0.27703.1
MinimumVisualStudioVersion = 10.0.40219.1
Project("{FAE04EC0-301F-11D3-BF4B-00C04F79EFBC}") = "University.DAL", "University.DAL\University.DAL.csproj", "{ED6B36F5-3792-44CC-BF02-BC85015AC98D}"
EndProject
Project("{FAE04EC0-301F-11D3-BF4B-00C04F79EFBC}") = "University.WEB", "University.WEB\University.WEB.csproj", "{DE0CFD4B-7902-42DB-BF16-CEC99F4FD161}"
EndProject
Global
	GlobalSection(SolutionConfigurationPlatforms) = preSolution
		Debug|Any CPU = Debug|Any CPU
		Release|Any CPU = Release|Any CPU
	EndGlobalSection
	GlobalSection(ProjectConfigurationPlatforms) = postSolution
		{ED6B36F5-3792-44CC-BF02-BC85015AC98D}.Debug|Any CPU.ActiveCfg = Debug|Any CPU
		{ED6B36F5-3792-44CC-BF02-BC85015AC98D}.Debug|Any CPU.Build.0 = Debug|Any CPU
		{ED6B36F5-3792-44CC-BF02-BC85015AC98D}.Release|Any CPU.ActiveCfg = Release|Any CPU
		{ED6B36F5-3792-44CC-BF02-BC85015AC98D}.Release|Any CPU.Build.0 = Release|Any CPU
		{DE0CFD4B-7902-42DB-BF16-CEC99F4FD161}.Debug|Any CPU.ActiveCfg = Debug|Any CPU
		{DE0CFD4B-7902-42DB-BF16-CEC99F4FD161}.Debug|Any CPU.Build.0 = Debug|Any CPU
		{DE0CFD4B-7902-42DB-BF16-CEC99F4FD161}.Release|Any CPU.ActiveCfg = Release|Any CPU
		{DE0CFD4B-7902-42DB-BF16-CEC99F4FD161}.Release|Any CPU.Build.0 = Release|Any CPU
	EndGlobalSection
	GlobalSection(SolutionProperties) = preSolution
		HideSolutionNode = FALSE
	EndGlobalSection
	GlobalSection(ExtensibilityGlobals) = postSolution
		SolutionGuid = {DA3FDE5C-D6F1-4C4E-A7C7-DD8CC68A54C1}
	EndGlobalSection
EndGlobal
