
Microsoft Visual Studio Solution File, Format Version 12.00
# Visual Studio 15
VisualStudioVersion = 15.0.28307.329
MinimumVisualStudioVersion = 10.0.40219.1
Project("{9A19103F-16F7-4668-BE54-9A1E7A4F7556}") = "UniversityRating.BLL", "UniversityRating.BLL\UniversityRating.BLL.csproj", "{38B95D1A-6EEB-4652-A1E5-19D88D80E9CA}"
EndProject
Project("{9A19103F-16F7-4668-BE54-9A1E7A4F7556}") = "UniversityRating.DAL", "UniversityRating.DAL\UniversityRating.DAL.csproj", "{8922C98C-D695-4786-85B2-8AAC45585E06}"
EndProject
Global
	GlobalSection(SolutionConfigurationPlatforms) = preSolution
		Debug|Any CPU = Debug|Any CPU
		Release|Any CPU = Release|Any CPU
	EndGlobalSection
	GlobalSection(ProjectConfigurationPlatforms) = postSolution
		{38B95D1A-6EEB-4652-A1E5-19D88D80E9CA}.Debug|Any CPU.ActiveCfg = Debug|Any CPU
		{38B95D1A-6EEB-4652-A1E5-19D88D80E9CA}.Debug|Any CPU.Build.0 = Debug|Any CPU
		{38B95D1A-6EEB-4652-A1E5-19D88D80E9CA}.Release|Any CPU.ActiveCfg = Release|Any CPU
		{38B95D1A-6EEB-4652-A1E5-19D88D80E9CA}.Release|Any CPU.Build.0 = Release|Any CPU
		{8922C98C-D695-4786-85B2-8AAC45585E06}.Debug|Any CPU.ActiveCfg = Debug|Any CPU
		{8922C98C-D695-4786-85B2-8AAC45585E06}.Debug|Any CPU.Build.0 = Debug|Any CPU
		{8922C98C-D695-4786-85B2-8AAC45585E06}.Release|Any CPU.ActiveCfg = Release|Any CPU
		{8922C98C-D695-4786-85B2-8AAC45585E06}.Release|Any CPU.Build.0 = Release|Any CPU
	EndGlobalSection
	GlobalSection(SolutionProperties) = preSolution
		HideSolutionNode = FALSE
	EndGlobalSection
	GlobalSection(ExtensibilityGlobals) = postSolution
		SolutionGuid = {AD12D7DD-529B-4232-9F66-D5EC5D94814D}
	EndGlobalSection
EndGlobal
