
Microsoft Visual Studio Solution File, Format Version 12.00
# Visual Studio 15
VisualStudioVersion = 15.0.28307.329
MinimumVisualStudioVersion = 10.0.40219.1
Project("{FAE04EC0-301F-11D3-BF4B-00C04F79EFBC}") = "Relation", "Relation\Relation.csproj", "{A290B164-8FA5-46BA-901A-1420694D7A2F}"
EndProject
Global
	GlobalSection(SolutionConfigurationPlatforms) = preSolution
		Debug|Any CPU = Debug|Any CPU
		Release|Any CPU = Release|Any CPU
	EndGlobalSection
	GlobalSection(ProjectConfigurationPlatforms) = postSolution
		{A290B164-8FA5-46BA-901A-1420694D7A2F}.Debug|Any CPU.ActiveCfg = Debug|Any CPU
		{A290B164-8FA5-46BA-901A-1420694D7A2F}.Debug|Any CPU.Build.0 = Debug|Any CPU
		{A290B164-8FA5-46BA-901A-1420694D7A2F}.Release|Any CPU.ActiveCfg = Release|Any CPU
		{A290B164-8FA5-46BA-901A-1420694D7A2F}.Release|Any CPU.Build.0 = Release|Any CPU
	EndGlobalSection
	GlobalSection(SolutionProperties) = preSolution
		HideSolutionNode = FALSE
	EndGlobalSection
	GlobalSection(ExtensibilityGlobals) = postSolution
		SolutionGuid = {9C052BBC-BB47-4720-95DB-2EF01EE4DE68}
	EndGlobalSection
EndGlobal
