
Microsoft Visual Studio Solution File, Format Version 12.00
# Visual Studio 15
VisualStudioVersion = 15.0.28307.329
MinimumVisualStudioVersion = 10.0.40219.1
Project("{FAE04EC0-301F-11D3-BF4B-00C04F79EFBC}") = "Test", "Test\Test.csproj", "{6F6ECAE9-1AED-4B9C-B916-E4E9DC729B1A}"
EndProject
Project("{FAE04EC0-301F-11D3-BF4B-00C04F79EFBC}") = "DataAcces", "DataAcces\DataAcces.csproj", "{8D718693-2CAA-4DE1-96C0-CEBE204AEFEE}"
EndProject
Global
	GlobalSection(SolutionConfigurationPlatforms) = preSolution
		Debug|Any CPU = Debug|Any CPU
		Release|Any CPU = Release|Any CPU
	EndGlobalSection
	GlobalSection(ProjectConfigurationPlatforms) = postSolution
		{6F6ECAE9-1AED-4B9C-B916-E4E9DC729B1A}.Debug|Any CPU.ActiveCfg = Debug|Any CPU
		{6F6ECAE9-1AED-4B9C-B916-E4E9DC729B1A}.Debug|Any CPU.Build.0 = Debug|Any CPU
		{6F6ECAE9-1AED-4B9C-B916-E4E9DC729B1A}.Release|Any CPU.ActiveCfg = Release|Any CPU
		{6F6ECAE9-1AED-4B9C-B916-E4E9DC729B1A}.Release|Any CPU.Build.0 = Release|Any CPU
		{8D718693-2CAA-4DE1-96C0-CEBE204AEFEE}.Debug|Any CPU.ActiveCfg = Debug|Any CPU
		{8D718693-2CAA-4DE1-96C0-CEBE204AEFEE}.Debug|Any CPU.Build.0 = Debug|Any CPU
		{8D718693-2CAA-4DE1-96C0-CEBE204AEFEE}.Release|Any CPU.ActiveCfg = Release|Any CPU
		{8D718693-2CAA-4DE1-96C0-CEBE204AEFEE}.Release|Any CPU.Build.0 = Release|Any CPU
	EndGlobalSection
	GlobalSection(SolutionProperties) = preSolution
		HideSolutionNode = FALSE
	EndGlobalSection
	GlobalSection(ExtensibilityGlobals) = postSolution
		SolutionGuid = {E56710E7-345F-45CD-A387-60C6C3AAA794}
	EndGlobalSection
EndGlobal
