
Microsoft Visual Studio Solution File, Format Version 12.00
# Visual Studio 15
VisualStudioVersion = 15.0.28307.329
MinimumVisualStudioVersion = 10.0.40219.1
Project("{FAE04EC0-301F-11D3-BF4B-00C04F79EFBC}") = "UniversityRating.WEB", "UniversityRating.WEB\UniversityRating.WEB.csproj", "{01D03A92-A9AF-4706-B11B-D47A37F56282}"
EndProject
Project("{2150E333-8FDC-42A3-9474-1A3956D46DE8}") = "Domain", "Domain", "{E2ADDC97-995C-4B49-9EDF-981C1D80F767}"
EndProject
Project("{FAE04EC0-301F-11D3-BF4B-00C04F79EFBC}") = "UniversityRating.Domain", "UniversityRating.Domain\UniversityRating.Domain.csproj", "{5273BF23-3BD6-4254-9DF9-692E78B6B542}"
EndProject
Project("{FAE04EC0-301F-11D3-BF4B-00C04F79EFBC}") = "UniversityRating.Domain.Core", "UniversityRating.Domain.Core\UniversityRating.Domain.Core.csproj", "{C7DA74F2-3D88-4CF9-A72D-D071521EB01A}"
EndProject
Project("{2150E333-8FDC-42A3-9474-1A3956D46DE8}") = "Infrastructure", "Infrastructure", "{3AF5E3F1-D723-4379-9D13-8CE387A54218}"
EndProject
Project("{2150E333-8FDC-42A3-9474-1A3956D46DE8}") = "Services", "Services", "{FE357C96-ED7B-4EC3-94F4-9ED2D3BBEE11}"
EndProject
Project("{FAE04EC0-301F-11D3-BF4B-00C04F79EFBC}") = "UniversityRating.Services", "UniversityRating.Services\UniversityRating.Services.csproj", "{68670007-D88C-467A-9EAF-392AFA824D8B}"
EndProject
Project("{FAE04EC0-301F-11D3-BF4B-00C04F79EFBC}") = "UniversityRating.Services.Abstractions", "UniversityRating.Services.Abstractions\UniversityRating.Services.Abstractions.csproj", "{E4D7355B-FCAF-4658-8CBA-885CBFD1EDDB}"
EndProject
Global
	GlobalSection(SolutionConfigurationPlatforms) = preSolution
		Debug|Any CPU = Debug|Any CPU
		Release|Any CPU = Release|Any CPU
	EndGlobalSection
	GlobalSection(ProjectConfigurationPlatforms) = postSolution
		{01D03A92-A9AF-4706-B11B-D47A37F56282}.Debug|Any CPU.ActiveCfg = Debug|Any CPU
		{01D03A92-A9AF-4706-B11B-D47A37F56282}.Debug|Any CPU.Build.0 = Debug|Any CPU
		{01D03A92-A9AF-4706-B11B-D47A37F56282}.Release|Any CPU.ActiveCfg = Release|Any CPU
		{01D03A92-A9AF-4706-B11B-D47A37F56282}.Release|Any CPU.Build.0 = Release|Any CPU
		{5273BF23-3BD6-4254-9DF9-692E78B6B542}.Debug|Any CPU.ActiveCfg = Debug|Any CPU
		{5273BF23-3BD6-4254-9DF9-692E78B6B542}.Debug|Any CPU.Build.0 = Debug|Any CPU
		{5273BF23-3BD6-4254-9DF9-692E78B6B542}.Release|Any CPU.ActiveCfg = Release|Any CPU
		{5273BF23-3BD6-4254-9DF9-692E78B6B542}.Release|Any CPU.Build.0 = Release|Any CPU
		{C7DA74F2-3D88-4CF9-A72D-D071521EB01A}.Debug|Any CPU.ActiveCfg = Debug|Any CPU
		{C7DA74F2-3D88-4CF9-A72D-D071521EB01A}.Debug|Any CPU.Build.0 = Debug|Any CPU
		{C7DA74F2-3D88-4CF9-A72D-D071521EB01A}.Release|Any CPU.ActiveCfg = Release|Any CPU
		{C7DA74F2-3D88-4CF9-A72D-D071521EB01A}.Release|Any CPU.Build.0 = Release|Any CPU
		{68670007-D88C-467A-9EAF-392AFA824D8B}.Debug|Any CPU.ActiveCfg = Debug|Any CPU
		{68670007-D88C-467A-9EAF-392AFA824D8B}.Debug|Any CPU.Build.0 = Debug|Any CPU
		{68670007-D88C-467A-9EAF-392AFA824D8B}.Release|Any CPU.ActiveCfg = Release|Any CPU
		{68670007-D88C-467A-9EAF-392AFA824D8B}.Release|Any CPU.Build.0 = Release|Any CPU
		{E4D7355B-FCAF-4658-8CBA-885CBFD1EDDB}.Debug|Any CPU.ActiveCfg = Debug|Any CPU
		{E4D7355B-FCAF-4658-8CBA-885CBFD1EDDB}.Debug|Any CPU.Build.0 = Debug|Any CPU
		{E4D7355B-FCAF-4658-8CBA-885CBFD1EDDB}.Release|Any CPU.ActiveCfg = Release|Any CPU
		{E4D7355B-FCAF-4658-8CBA-885CBFD1EDDB}.Release|Any CPU.Build.0 = Release|Any CPU
	EndGlobalSection
	GlobalSection(SolutionProperties) = preSolution
		HideSolutionNode = FALSE
	EndGlobalSection
	GlobalSection(NestedProjects) = preSolution
		{5273BF23-3BD6-4254-9DF9-692E78B6B542} = {E2ADDC97-995C-4B49-9EDF-981C1D80F767}
		{C7DA74F2-3D88-4CF9-A72D-D071521EB01A} = {E2ADDC97-995C-4B49-9EDF-981C1D80F767}
		{68670007-D88C-467A-9EAF-392AFA824D8B} = {FE357C96-ED7B-4EC3-94F4-9ED2D3BBEE11}
		{E4D7355B-FCAF-4658-8CBA-885CBFD1EDDB} = {FE357C96-ED7B-4EC3-94F4-9ED2D3BBEE11}
	EndGlobalSection
	GlobalSection(ExtensibilityGlobals) = postSolution
		SolutionGuid = {3BCC9B13-41B2-4756-A848-A7591028E6F8}
	EndGlobalSection
EndGlobal
