
Microsoft Visual Studio Solution File, Format Version 12.00
# Visual Studio 15
VisualStudioVersion = 15.0.28307.329
MinimumVisualStudioVersion = 10.0.40219.1
Project("{FAE04EC0-301F-11D3-BF4B-00C04F79EFBC}") = "SingleResponsabilityPrincipale", "SOLID\SingleResponsabilityPrincipale.csproj", "{E182C440-E034-47A8-998D-290DED63AC35}"
EndProject
Project("{FAE04EC0-301F-11D3-BF4B-00C04F79EFBC}") = "OpenClosedPrincipale", "OpenClosedPrincipale\OpenClosedPrincipale.csproj", "{9F863624-A399-48B6-957D-3052BEC6739B}"
EndProject
Global
	GlobalSection(SolutionConfigurationPlatforms) = preSolution
		Debug|Any CPU = Debug|Any CPU
		Release|Any CPU = Release|Any CPU
	EndGlobalSection
	GlobalSection(ProjectConfigurationPlatforms) = postSolution
		{E182C440-E034-47A8-998D-290DED63AC35}.Debug|Any CPU.ActiveCfg = Debug|Any CPU
		{E182C440-E034-47A8-998D-290DED63AC35}.Debug|Any CPU.Build.0 = Debug|Any CPU
		{E182C440-E034-47A8-998D-290DED63AC35}.Release|Any CPU.ActiveCfg = Release|Any CPU
		{E182C440-E034-47A8-998D-290DED63AC35}.Release|Any CPU.Build.0 = Release|Any CPU
		{9F863624-A399-48B6-957D-3052BEC6739B}.Debug|Any CPU.ActiveCfg = Debug|Any CPU
		{9F863624-A399-48B6-957D-3052BEC6739B}.Debug|Any CPU.Build.0 = Debug|Any CPU
		{9F863624-A399-48B6-957D-3052BEC6739B}.Release|Any CPU.ActiveCfg = Release|Any CPU
		{9F863624-A399-48B6-957D-3052BEC6739B}.Release|Any CPU.Build.0 = Release|Any CPU
	EndGlobalSection
	GlobalSection(SolutionProperties) = preSolution
		HideSolutionNode = FALSE
	EndGlobalSection
	GlobalSection(ExtensibilityGlobals) = postSolution
		SolutionGuid = {6C31C0A9-0138-4D60-ADCC-E819DDC51EE8}
	EndGlobalSection
EndGlobal
