
Microsoft Visual Studio Solution File, Format Version 12.00
# Visual Studio 15
VisualStudioVersion = 15.0.28307.329
MinimumVisualStudioVersion = 10.0.40219.1
Project("{FAE04EC0-301F-11D3-BF4B-00C04F79EFBC}") = "SingleResponsabilityPrincipale", "SOLID\SingleResponsabilityPrincipale.csproj", "{E182C440-E034-47A8-998D-290DED63AC35}"
EndProject
Project("{FAE04EC0-301F-11D3-BF4B-00C04F79EFBC}") = "OpenClosedPrincipale", "OpenClosedPrincipale\OpenClosedPrincipale.csproj", "{9F863624-A399-48B6-957D-3052BEC6739B}"
EndProject
Project("{FAE04EC0-301F-11D3-BF4B-00C04F79EFBC}") = "LiskovSubstitutionPrincipale", "LiskovSubstitutionPrincipale\LiskovSubstitutionPrincipale.csproj", "{206CEC6B-EE30-4F8A-A1AC-F35741C93077}"
EndProject
Project("{FAE04EC0-301F-11D3-BF4B-00C04F79EFBC}") = "InterfaceSegregationPrincipale", "InterfaceSegregationPrincipale\InterfaceSegregationPrincipale.csproj", "{224B2201-79E3-4CDC-BC0A-AED8F48405C5}"
EndProject
Project("{2150E333-8FDC-42A3-9474-1A3956D46DE8}") = "ISP", "ISP", "{0121D8D3-412C-422F-BC3D-A92D90564741}"
EndProject
Project("{2150E333-8FDC-42A3-9474-1A3956D46DE8}") = "LSP", "LSP", "{82F01897-A7D4-4E75-9419-8A0955C097B8}"
EndProject
Project("{2150E333-8FDC-42A3-9474-1A3956D46DE8}") = "OCP", "OCP", "{113B5531-7D97-4B9B-820C-24B85DCE73FE}"
EndProject
Project("{2150E333-8FDC-42A3-9474-1A3956D46DE8}") = "SRP", "SRP", "{E0885719-A808-4168-B85A-84E1B4204199}"
EndProject
Project("{2150E333-8FDC-42A3-9474-1A3956D46DE8}") = "Bad", "Bad", "{23624F9F-5884-4610-84DE-D2F35558A752}"
EndProject
Project("{2150E333-8FDC-42A3-9474-1A3956D46DE8}") = "Good", "Good", "{D96647E8-8840-41A9-B3B1-F00FE2933EB8}"
EndProject
Project("{2150E333-8FDC-42A3-9474-1A3956D46DE8}") = "Bad", "Bad", "{2D8FA21A-EFC0-4884-BDF0-2D404C4EDEF1}"
EndProject
Project("{2150E333-8FDC-42A3-9474-1A3956D46DE8}") = "Bad", "Bad", "{B6B9DA22-45C1-4A62-AE92-83CEA917963B}"
EndProject
Project("{2150E333-8FDC-42A3-9474-1A3956D46DE8}") = "Bad", "Bad", "{7B9B137E-316B-4FC2-99A9-9BA3AE557ADA}"
EndProject
Project("{2150E333-8FDC-42A3-9474-1A3956D46DE8}") = "Good", "Good", "{568EC313-7B87-43A7-831D-4063B6AC303E}"
EndProject
Project("{2150E333-8FDC-42A3-9474-1A3956D46DE8}") = "Good", "Good", "{8696AFA7-9F80-4513-B14F-C3215184C196}"
EndProject
Project("{2150E333-8FDC-42A3-9474-1A3956D46DE8}") = "Good", "Good", "{E2E60F43-B5AE-4580-B1CD-FF9BC0B50ECB}"
EndProject
Project("{FAE04EC0-301F-11D3-BF4B-00C04F79EFBC}") = "InterfaceSegregationPrincipaleBad", "InterfaceSegregationPrincipaleBad\InterfaceSegregationPrincipaleBad.csproj", "{BD631DC8-5FE8-4E8C-AE8D-8847D0822D92}"
EndProject
Global
	GlobalSection(SolutionConfigurationPlatforms) = preSolution
		Debug|Any CPU = Debug|Any CPU
		Release|Any CPU = Release|Any CPU
	EndGlobalSection
	GlobalSection(ProjectConfigurationPlatforms) = postSolution
		{E182C440-E034-47A8-998D-290DED63AC35}.Debug|Any CPU.ActiveCfg = Debug|Any CPU
		{E182C440-E034-47A8-998D-290DED63AC35}.Debug|Any CPU.Build.0 = Debug|Any CPU
		{E182C440-E034-47A8-998D-290DED63AC35}.Release|Any CPU.ActiveCfg = Release|Any CPU
		{E182C440-E034-47A8-998D-290DED63AC35}.Release|Any CPU.Build.0 = Release|Any CPU
		{9F863624-A399-48B6-957D-3052BEC6739B}.Debug|Any CPU.ActiveCfg = Debug|Any CPU
		{9F863624-A399-48B6-957D-3052BEC6739B}.Debug|Any CPU.Build.0 = Debug|Any CPU
		{9F863624-A399-48B6-957D-3052BEC6739B}.Release|Any CPU.ActiveCfg = Release|Any CPU
		{9F863624-A399-48B6-957D-3052BEC6739B}.Release|Any CPU.Build.0 = Release|Any CPU
		{206CEC6B-EE30-4F8A-A1AC-F35741C93077}.Debug|Any CPU.ActiveCfg = Debug|Any CPU
		{206CEC6B-EE30-4F8A-A1AC-F35741C93077}.Debug|Any CPU.Build.0 = Debug|Any CPU
		{206CEC6B-EE30-4F8A-A1AC-F35741C93077}.Release|Any CPU.ActiveCfg = Release|Any CPU
		{206CEC6B-EE30-4F8A-A1AC-F35741C93077}.Release|Any CPU.Build.0 = Release|Any CPU
		{224B2201-79E3-4CDC-BC0A-AED8F48405C5}.Debug|Any CPU.ActiveCfg = Debug|Any CPU
		{224B2201-79E3-4CDC-BC0A-AED8F48405C5}.Debug|Any CPU.Build.0 = Debug|Any CPU
		{224B2201-79E3-4CDC-BC0A-AED8F48405C5}.Release|Any CPU.ActiveCfg = Release|Any CPU
		{224B2201-79E3-4CDC-BC0A-AED8F48405C5}.Release|Any CPU.Build.0 = Release|Any CPU
		{BD631DC8-5FE8-4E8C-AE8D-8847D0822D92}.Debug|Any CPU.ActiveCfg = Debug|Any CPU
		{BD631DC8-5FE8-4E8C-AE8D-8847D0822D92}.Debug|Any CPU.Build.0 = Debug|Any CPU
		{BD631DC8-5FE8-4E8C-AE8D-8847D0822D92}.Release|Any CPU.ActiveCfg = Release|Any CPU
		{BD631DC8-5FE8-4E8C-AE8D-8847D0822D92}.Release|Any CPU.Build.0 = Release|Any CPU
	EndGlobalSection
	GlobalSection(SolutionProperties) = preSolution
		HideSolutionNode = FALSE
	EndGlobalSection
	GlobalSection(NestedProjects) = preSolution
		{E182C440-E034-47A8-998D-290DED63AC35} = {E2E60F43-B5AE-4580-B1CD-FF9BC0B50ECB}
		{9F863624-A399-48B6-957D-3052BEC6739B} = {8696AFA7-9F80-4513-B14F-C3215184C196}
		{206CEC6B-EE30-4F8A-A1AC-F35741C93077} = {568EC313-7B87-43A7-831D-4063B6AC303E}
		{224B2201-79E3-4CDC-BC0A-AED8F48405C5} = {D96647E8-8840-41A9-B3B1-F00FE2933EB8}
		{23624F9F-5884-4610-84DE-D2F35558A752} = {0121D8D3-412C-422F-BC3D-A92D90564741}
		{D96647E8-8840-41A9-B3B1-F00FE2933EB8} = {0121D8D3-412C-422F-BC3D-A92D90564741}
		{2D8FA21A-EFC0-4884-BDF0-2D404C4EDEF1} = {82F01897-A7D4-4E75-9419-8A0955C097B8}
		{B6B9DA22-45C1-4A62-AE92-83CEA917963B} = {113B5531-7D97-4B9B-820C-24B85DCE73FE}
		{7B9B137E-316B-4FC2-99A9-9BA3AE557ADA} = {E0885719-A808-4168-B85A-84E1B4204199}
		{568EC313-7B87-43A7-831D-4063B6AC303E} = {82F01897-A7D4-4E75-9419-8A0955C097B8}
		{8696AFA7-9F80-4513-B14F-C3215184C196} = {113B5531-7D97-4B9B-820C-24B85DCE73FE}
		{E2E60F43-B5AE-4580-B1CD-FF9BC0B50ECB} = {E0885719-A808-4168-B85A-84E1B4204199}
		{BD631DC8-5FE8-4E8C-AE8D-8847D0822D92} = {23624F9F-5884-4610-84DE-D2F35558A752}
	EndGlobalSection
	GlobalSection(ExtensibilityGlobals) = postSolution
		SolutionGuid = {6C31C0A9-0138-4D60-ADCC-E819DDC51EE8}
	EndGlobalSection
EndGlobal
