
Microsoft Visual Studio Solution File, Format Version 12.00
# Visual Studio 15
VisualStudioVersion = 15.0.28307.329
MinimumVisualStudioVersion = 10.0.40219.1
Project("{00D1A9C2-B5F0-4AF3-8072-F6C62B433612}") = "Student.SqlServerDbProject", "Student.SqlServerDbProject\Student.SqlServerDbProject.sqlproj", "{D674309D-0547-4553-A266-503A6DD4E9A1}"
EndProject
Project("{2150E333-8FDC-42A3-9474-1A3956D46DE8}") = "db", "db", "{20DC7983-F18C-4C7D-8952-FE92D7B2A197}"
EndProject
Project("{2150E333-8FDC-42A3-9474-1A3956D46DE8}") = "src", "src", "{CA94DCBD-9796-4ECF-963F-332214C98B3E}"
EndProject
Project("{2150E333-8FDC-42A3-9474-1A3956D46DE8}") = "test", "test", "{CE4A262A-1260-45BB-BB9F-4BFD9D443160}"
EndProject
Project("{2150E333-8FDC-42A3-9474-1A3956D46DE8}") = "Domain", "Domain", "{2F718D32-17BA-40F8-85AD-37F7245E7F0F}"
EndProject
Project("{2150E333-8FDC-42A3-9474-1A3956D46DE8}") = "Infrastructure", "Infrastructure", "{BB3BED86-DB11-46FA-872C-3518677D239E}"
EndProject
Project("{2150E333-8FDC-42A3-9474-1A3956D46DE8}") = "Services", "Services", "{F9FDE672-E3D3-423A-89D7-CEAD8503FE1B}"
EndProject
Project("{2150E333-8FDC-42A3-9474-1A3956D46DE8}") = "UI", "UI", "{7045CC0C-EA43-4998-AE06-D1FBF810AF08}"
EndProject
Project("{2150E333-8FDC-42A3-9474-1A3956D46DE8}") = "Student.First.Core", "Student.First.Core", "{4CFBCB1F-80A6-46E0-8939-FDEED062731F}"
EndProject
Project("{2150E333-8FDC-42A3-9474-1A3956D46DE8}") = "Student.First.Code", "Student.First.Code", "{37BA1756-CBCF-40B6-9B69-7427F01BD4DC}"
EndProject
Project("{FAE04EC0-301F-11D3-BF4B-00C04F79EFBC}") = "StudentFirstCore", "StudentFirstCore\StudentFirstCore.csproj", "{BAD7AE87-0BF4-46E3-8578-CE0D30BA561D}"
EndProject
Project("{FAE04EC0-301F-11D3-BF4B-00C04F79EFBC}") = "OrmStudentCore", "OrmStudentCore\OrmStudentCore.csproj", "{CDF823B7-75D9-4F1F-92BE-F0E45DEFF0E7}"
EndProject
Global
	GlobalSection(SolutionConfigurationPlatforms) = preSolution
		Debug|Any CPU = Debug|Any CPU
		Release|Any CPU = Release|Any CPU
	EndGlobalSection
	GlobalSection(ProjectConfigurationPlatforms) = postSolution
		{D674309D-0547-4553-A266-503A6DD4E9A1}.Debug|Any CPU.ActiveCfg = Debug|Any CPU
		{D674309D-0547-4553-A266-503A6DD4E9A1}.Debug|Any CPU.Build.0 = Debug|Any CPU
		{D674309D-0547-4553-A266-503A6DD4E9A1}.Debug|Any CPU.Deploy.0 = Debug|Any CPU
		{D674309D-0547-4553-A266-503A6DD4E9A1}.Release|Any CPU.ActiveCfg = Release|Any CPU
		{D674309D-0547-4553-A266-503A6DD4E9A1}.Release|Any CPU.Build.0 = Release|Any CPU
		{D674309D-0547-4553-A266-503A6DD4E9A1}.Release|Any CPU.Deploy.0 = Release|Any CPU
		{BAD7AE87-0BF4-46E3-8578-CE0D30BA561D}.Debug|Any CPU.ActiveCfg = Debug|Any CPU
		{BAD7AE87-0BF4-46E3-8578-CE0D30BA561D}.Debug|Any CPU.Build.0 = Debug|Any CPU
		{BAD7AE87-0BF4-46E3-8578-CE0D30BA561D}.Release|Any CPU.ActiveCfg = Release|Any CPU
		{BAD7AE87-0BF4-46E3-8578-CE0D30BA561D}.Release|Any CPU.Build.0 = Release|Any CPU
		{CDF823B7-75D9-4F1F-92BE-F0E45DEFF0E7}.Debug|Any CPU.ActiveCfg = Debug|Any CPU
		{CDF823B7-75D9-4F1F-92BE-F0E45DEFF0E7}.Debug|Any CPU.Build.0 = Debug|Any CPU
		{CDF823B7-75D9-4F1F-92BE-F0E45DEFF0E7}.Release|Any CPU.ActiveCfg = Release|Any CPU
		{CDF823B7-75D9-4F1F-92BE-F0E45DEFF0E7}.Release|Any CPU.Build.0 = Release|Any CPU
	EndGlobalSection
	GlobalSection(SolutionProperties) = preSolution
		HideSolutionNode = FALSE
	EndGlobalSection
	GlobalSection(NestedProjects) = preSolution
		{D674309D-0547-4553-A266-503A6DD4E9A1} = {20DC7983-F18C-4C7D-8952-FE92D7B2A197}
		{2F718D32-17BA-40F8-85AD-37F7245E7F0F} = {CA94DCBD-9796-4ECF-963F-332214C98B3E}
		{BB3BED86-DB11-46FA-872C-3518677D239E} = {CA94DCBD-9796-4ECF-963F-332214C98B3E}
		{F9FDE672-E3D3-423A-89D7-CEAD8503FE1B} = {CA94DCBD-9796-4ECF-963F-332214C98B3E}
		{7045CC0C-EA43-4998-AE06-D1FBF810AF08} = {CA94DCBD-9796-4ECF-963F-332214C98B3E}
		{4CFBCB1F-80A6-46E0-8939-FDEED062731F} = {2F718D32-17BA-40F8-85AD-37F7245E7F0F}
		{37BA1756-CBCF-40B6-9B69-7427F01BD4DC} = {2F718D32-17BA-40F8-85AD-37F7245E7F0F}
		{BAD7AE87-0BF4-46E3-8578-CE0D30BA561D} = {4CFBCB1F-80A6-46E0-8939-FDEED062731F}
		{CDF823B7-75D9-4F1F-92BE-F0E45DEFF0E7} = {37BA1756-CBCF-40B6-9B69-7427F01BD4DC}
	EndGlobalSection
	GlobalSection(ExtensibilityGlobals) = postSolution
		SolutionGuid = {1A1EB446-37EE-489D-A172-02B75FB4D6DF}
	EndGlobalSection
EndGlobal
