
Microsoft Visual Studio Solution File, Format Version 12.00
# Visual Studio 15
VisualStudioVersion = 15.0.28307.329
MinimumVisualStudioVersion = 10.0.40219.1
Project("{00D1A9C2-B5F0-4AF3-8072-F6C62B433612}") = "DataBaseIntroduction", "DataBaseIntroduction\DataBaseIntroduction.sqlproj", "{01AFE9DA-994E-406C-B715-A8F0DFA34B3A}"
EndProject
Global
	GlobalSection(SolutionConfigurationPlatforms) = preSolution
		Debug|Any CPU = Debug|Any CPU
		Release|Any CPU = Release|Any CPU
	EndGlobalSection
	GlobalSection(ProjectConfigurationPlatforms) = postSolution
		{01AFE9DA-994E-406C-B715-A8F0DFA34B3A}.Debug|Any CPU.ActiveCfg = Debug|Any CPU
		{01AFE9DA-994E-406C-B715-A8F0DFA34B3A}.Debug|Any CPU.Build.0 = Debug|Any CPU
		{01AFE9DA-994E-406C-B715-A8F0DFA34B3A}.Debug|Any CPU.Deploy.0 = Debug|Any CPU
		{01AFE9DA-994E-406C-B715-A8F0DFA34B3A}.Release|Any CPU.ActiveCfg = Release|Any CPU
		{01AFE9DA-994E-406C-B715-A8F0DFA34B3A}.Release|Any CPU.Build.0 = Release|Any CPU
		{01AFE9DA-994E-406C-B715-A8F0DFA34B3A}.Release|Any CPU.Deploy.0 = Release|Any CPU
	EndGlobalSection
	GlobalSection(SolutionProperties) = preSolution
		HideSolutionNode = FALSE
	EndGlobalSection
	GlobalSection(ExtensibilityGlobals) = postSolution
		SolutionGuid = {99BE961A-EE81-4F07-8239-DB26A60A7B2D}
	EndGlobalSection
EndGlobal
